
Microsoft Visual Studio Solution File, Format Version 12.00
# Visual Studio 15
VisualStudioVersion = 15.0.26124.0
MinimumVisualStudioVersion = 15.0.26124.0
Project("{FAE04EC0-301F-11D3-BF4B-00C04F79EFBC}") = "QuickBuy.Dominio", "QuickBuy.Dominio\QuickBuy.Dominio.csproj", "{17A74C74-D245-428A-A71D-79712DDD8E9A}"
EndProject
Project("{FAE04EC0-301F-11D3-BF4B-00C04F79EFBC}") = "QuickBuy.Repositorio", "QuickBuy.Repositorio\QuickBuy.Repositorio.csproj", "{8C36BFFC-AEBA-4F68-82D2-F486108F8969}"
EndProject
Project("{FAE04EC0-301F-11D3-BF4B-00C04F79EFBC}") = "QuickBuy.Web", "QuickBuy.Web\QuickBuy.Web.csproj", "{30E97233-2C71-447D-BC73-748A57DF2C9B}"
EndProject
Global
	GlobalSection(SolutionConfigurationPlatforms) = preSolution
		Debug|Any CPU = Debug|Any CPU
		Debug|x64 = Debug|x64
		Debug|x86 = Debug|x86
		Release|Any CPU = Release|Any CPU
		Release|x64 = Release|x64
		Release|x86 = Release|x86
	EndGlobalSection
	GlobalSection(SolutionProperties) = preSolution
		HideSolutionNode = FALSE
	EndGlobalSection
	GlobalSection(ProjectConfigurationPlatforms) = postSolution
		{17A74C74-D245-428A-A71D-79712DDD8E9A}.Debug|Any CPU.ActiveCfg = Debug|Any CPU
		{17A74C74-D245-428A-A71D-79712DDD8E9A}.Debug|Any CPU.Build.0 = Debug|Any CPU
		{17A74C74-D245-428A-A71D-79712DDD8E9A}.Debug|x64.ActiveCfg = Debug|Any CPU
		{17A74C74-D245-428A-A71D-79712DDD8E9A}.Debug|x64.Build.0 = Debug|Any CPU
		{17A74C74-D245-428A-A71D-79712DDD8E9A}.Debug|x86.ActiveCfg = Debug|Any CPU
		{17A74C74-D245-428A-A71D-79712DDD8E9A}.Debug|x86.Build.0 = Debug|Any CPU
		{17A74C74-D245-428A-A71D-79712DDD8E9A}.Release|Any CPU.ActiveCfg = Release|Any CPU
		{17A74C74-D245-428A-A71D-79712DDD8E9A}.Release|Any CPU.Build.0 = Release|Any CPU
		{17A74C74-D245-428A-A71D-79712DDD8E9A}.Release|x64.ActiveCfg = Release|Any CPU
		{17A74C74-D245-428A-A71D-79712DDD8E9A}.Release|x64.Build.0 = Release|Any CPU
		{17A74C74-D245-428A-A71D-79712DDD8E9A}.Release|x86.ActiveCfg = Release|Any CPU
		{17A74C74-D245-428A-A71D-79712DDD8E9A}.Release|x86.Build.0 = Release|Any CPU
		{8C36BFFC-AEBA-4F68-82D2-F486108F8969}.Debug|Any CPU.ActiveCfg = Debug|Any CPU
		{8C36BFFC-AEBA-4F68-82D2-F486108F8969}.Debug|Any CPU.Build.0 = Debug|Any CPU
		{8C36BFFC-AEBA-4F68-82D2-F486108F8969}.Debug|x64.ActiveCfg = Debug|Any CPU
		{8C36BFFC-AEBA-4F68-82D2-F486108F8969}.Debug|x64.Build.0 = Debug|Any CPU
		{8C36BFFC-AEBA-4F68-82D2-F486108F8969}.Debug|x86.ActiveCfg = Debug|Any CPU
		{8C36BFFC-AEBA-4F68-82D2-F486108F8969}.Debug|x86.Build.0 = Debug|Any CPU
		{8C36BFFC-AEBA-4F68-82D2-F486108F8969}.Release|Any CPU.ActiveCfg = Release|Any CPU
		{8C36BFFC-AEBA-4F68-82D2-F486108F8969}.Release|Any CPU.Build.0 = Release|Any CPU
		{8C36BFFC-AEBA-4F68-82D2-F486108F8969}.Release|x64.ActiveCfg = Release|Any CPU
		{8C36BFFC-AEBA-4F68-82D2-F486108F8969}.Release|x64.Build.0 = Release|Any CPU
		{8C36BFFC-AEBA-4F68-82D2-F486108F8969}.Release|x86.ActiveCfg = Release|Any CPU
		{8C36BFFC-AEBA-4F68-82D2-F486108F8969}.Release|x86.Build.0 = Release|Any CPU
		{30E97233-2C71-447D-BC73-748A57DF2C9B}.Debug|Any CPU.ActiveCfg = Debug|Any CPU
		{30E97233-2C71-447D-BC73-748A57DF2C9B}.Debug|Any CPU.Build.0 = Debug|Any CPU
		{30E97233-2C71-447D-BC73-748A57DF2C9B}.Debug|x64.ActiveCfg = Debug|Any CPU
		{30E97233-2C71-447D-BC73-748A57DF2C9B}.Debug|x64.Build.0 = Debug|Any CPU
		{30E97233-2C71-447D-BC73-748A57DF2C9B}.Debug|x86.ActiveCfg = Debug|Any CPU
		{30E97233-2C71-447D-BC73-748A57DF2C9B}.Debug|x86.Build.0 = Debug|Any CPU
		{30E97233-2C71-447D-BC73-748A57DF2C9B}.Release|Any CPU.ActiveCfg = Release|Any CPU
		{30E97233-2C71-447D-BC73-748A57DF2C9B}.Release|Any CPU.Build.0 = Release|Any CPU
		{30E97233-2C71-447D-BC73-748A57DF2C9B}.Release|x64.ActiveCfg = Release|Any CPU
		{30E97233-2C71-447D-BC73-748A57DF2C9B}.Release|x64.Build.0 = Release|Any CPU
		{30E97233-2C71-447D-BC73-748A57DF2C9B}.Release|x86.ActiveCfg = Release|Any CPU
		{30E97233-2C71-447D-BC73-748A57DF2C9B}.Release|x86.Build.0 = Release|Any CPU
	EndGlobalSection
EndGlobal
